
Microsoft Visual Studio Solution File, Format Version 12.00
# Visual Studio Version 17
VisualStudioVersion = 17.9.34622.214
MinimumVisualStudioVersion = 10.0.40219.1
Project("{FAE04EC0-301F-11D3-BF4B-00C04F79EFBC}") = "Test Test", "Test Test.csproj", "{EC66FF02-0AB2-493A-8D7B-2203CED5EF9D}"
EndProject
Global
	GlobalSection(SolutionConfigurationPlatforms) = preSolution
		Debug|Any CPU = Debug|Any CPU
		Release|Any CPU = Release|Any CPU
	EndGlobalSection
	GlobalSection(ProjectConfigurationPlatforms) = postSolution
		{EC66FF02-0AB2-493A-8D7B-2203CED5EF9D}.Debug|Any CPU.ActiveCfg = Debug|Any CPU
		{EC66FF02-0AB2-493A-8D7B-2203CED5EF9D}.Debug|Any CPU.Build.0 = Debug|Any CPU
		{EC66FF02-0AB2-493A-8D7B-2203CED5EF9D}.Release|Any CPU.ActiveCfg = Release|Any CPU
		{EC66FF02-0AB2-493A-8D7B-2203CED5EF9D}.Release|Any CPU.Build.0 = Release|Any CPU
	EndGlobalSection
	GlobalSection(SolutionProperties) = preSolution
		HideSolutionNode = FALSE
	EndGlobalSection
	GlobalSection(ExtensibilityGlobals) = postSolution
		SolutionGuid = {606A073C-2FBF-4D99-AFEB-6AF0220BAD14}
	EndGlobalSection
EndGlobal
